// !$*UTF8*$!
{
	archiveVersion = 1;
	classes = {
	};
	objectVersion = 56;
	objects = {

/* Begin PBXBuildFile section */
		4C35E4B42AB1C83300D650C1 /* AppDelegate.swift in Sources */ = {isa = PBXBuildFile; fileRef = 4C35E4B32AB1C83300D650C1 /* AppDelegate.swift */; };
		4C35E4B62AB1C83300D650C1 /* SceneDelegate.swift in Sources */ = {isa = PBXBuildFile; fileRef = 4C35E4B52AB1C83300D650C1 /* SceneDelegate.swift */; };
		4C35E4B82AB1C83300D650C1 /* ViewController.swift in Sources */ = {isa = PBXBuildFile; fileRef = 4C35E4B72AB1C83300D650C1 /* ViewController.swift */; };
		4C35E4BB2AB1C83300D650C1 /* Main.storyboard in Resources */ = {isa = PBXBuildFile; fileRef = 4C35E4B92AB1C83300D650C1 /* Main.storyboard */; };
		4C35E4BD2AB1C83500D650C1 /* Assets.xcassets in Resources */ = {isa = PBXBuildFile; fileRef = 4C35E4BC2AB1C83500D650C1 /* Assets.xcassets */; };
		4C35E4C02AB1C83500D650C1 /* LaunchScreen.storyboard in Resources */ = {isa = PBXBuildFile; fileRef = 4C35E4BE2AB1C83500D650C1 /* LaunchScreen.storyboard */; };
		4C35E4C92AB1C88000D650C1 /* LottoViewModel.swift in Sources */ = {isa = PBXBuildFile; fileRef = 4C35E4C82AB1C88000D650C1 /* LottoViewModel.swift */; };
		4C35E4CB2AB1C8D400D650C1 /* observer.swift in Sources */ = {isa = PBXBuildFile; fileRef = 4C35E4CA2AB1C8D400D650C1 /* observer.swift */; };
		4C35E4CF2AB1C9BA00D650C1 /* BaseViewController.swift in Sources */ = {isa = PBXBuildFile; fileRef = 4C35E4CE2AB1C9BA00D650C1 /* BaseViewController.swift */; };
		4C35E4D12AB1CA5500D650C1 /* APIService.swift in Sources */ = {isa = PBXBuildFile; fileRef = 4C35E4D02AB1CA5500D650C1 /* APIService.swift */; };
		4C35E4D42AB1CC7700D650C1 /* Alamofire in Frameworks */ = {isa = PBXBuildFile; productRef = 4C35E4D32AB1CC7700D650C1 /* Alamofire */; };
		4C35E4D72AB1CD2B00D650C1 /* SnapKit in Frameworks */ = {isa = PBXBuildFile; productRef = 4C35E4D62AB1CD2B00D650C1 /* SnapKit */; };
		4C35E4D92AB1D77900D650C1 /* LottoViewController.swift in Sources */ = {isa = PBXBuildFile; fileRef = 4C35E4D82AB1D77900D650C1 /* LottoViewController.swift */; };
/* End PBXBuildFile section */

/* Begin PBXFileReference section */
		4C35E4B02AB1C83300D650C1 /* mvvmStudy.app */ = {isa = PBXFileReference; explicitFileType = wrapper.application; includeInIndex = 0; path = mvvmStudy.app; sourceTree = BUILT_PRODUCTS_DIR; };
		4C35E4B32AB1C83300D650C1 /* AppDelegate.swift */ = {isa = PBXFileReference; lastKnownFileType = sourcecode.swift; path = AppDelegate.swift; sourceTree = "<group>"; };
		4C35E4B52AB1C83300D650C1 /* SceneDelegate.swift */ = {isa = PBXFileReference; lastKnownFileType = sourcecode.swift; path = SceneDelegate.swift; sourceTree = "<group>"; };
		4C35E4B72AB1C83300D650C1 /* ViewController.swift */ = {isa = PBXFileReference; lastKnownFileType = sourcecode.swift; path = ViewController.swift; sourceTree = "<group>"; };
		4C35E4BA2AB1C83300D650C1 /* Base */ = {isa = PBXFileReference; lastKnownFileType = file.storyboard; name = Base; path = Base.lproj/Main.storyboard; sourceTree = "<group>"; };
		4C35E4BC2AB1C83500D650C1 /* Assets.xcassets */ = {isa = PBXFileReference; lastKnownFileType = folder.assetcatalog; path = Assets.xcassets; sourceTree = "<group>"; };
		4C35E4BF2AB1C83500D650C1 /* Base */ = {isa = PBXFileReference; lastKnownFileType = file.storyboard; name = Base; path = Base.lproj/LaunchScreen.storyboard; sourceTree = "<group>"; };
		4C35E4C12AB1C83500D650C1 /* Info.plist */ = {isa = PBXFileReference; lastKnownFileType = text.plist.xml; path = Info.plist; sourceTree = "<group>"; };
		4C35E4C82AB1C88000D650C1 /* LottoViewModel.swift */ = {isa = PBXFileReference; lastKnownFileType = sourcecode.swift; path = LottoViewModel.swift; sourceTree = "<group>"; };
		4C35E4CA2AB1C8D400D650C1 /* observer.swift */ = {isa = PBXFileReference; lastKnownFileType = sourcecode.swift; path = observer.swift; sourceTree = "<group>"; };
		4C35E4CE2AB1C9BA00D650C1 /* BaseViewController.swift */ = {isa = PBXFileReference; fileEncoding = 4; lastKnownFileType = sourcecode.swift; name = BaseViewController.swift; path = ../../Sesac3UnsplashProject/Sesac3UnsplashProject/BaseViewController.swift; sourceTree = "<group>"; };
		4C35E4D02AB1CA5500D650C1 /* APIService.swift */ = {isa = PBXFileReference; lastKnownFileType = sourcecode.swift; path = APIService.swift; sourceTree = "<group>"; };
		4C35E4D82AB1D77900D650C1 /* LottoViewController.swift */ = {isa = PBXFileReference; lastKnownFileType = sourcecode.swift; path = LottoViewController.swift; sourceTree = "<group>"; };
/* End PBXFileReference section */

/* Begin PBXFrameworksBuildPhase section */
		4C35E4AD2AB1C83300D650C1 /* Frameworks */ = {
			isa = PBXFrameworksBuildPhase;
			buildActionMask = 2147483647;
			files = (
				4C35E4D42AB1CC7700D650C1 /* Alamofire in Frameworks */,
				4C35E4D72AB1CD2B00D650C1 /* SnapKit in Frameworks */,
			);
			runOnlyForDeploymentPostprocessing = 0;
		};
/* End PBXFrameworksBuildPhase section */

/* Begin PBXGroup section */
		4C35E4A72AB1C83300D650C1 = {
			isa = PBXGroup;
			children = (
				4C35E4B22AB1C83300D650C1 /* mvvmStudy */,
				4C35E4B12AB1C83300D650C1 /* Products */,
			);
			sourceTree = "<group>";
		};
		4C35E4B12AB1C83300D650C1 /* Products */ = {
			isa = PBXGroup;
			children = (
				4C35E4B02AB1C83300D650C1 /* mvvmStudy.app */,
			);
			name = Products;
			sourceTree = "<group>";
		};
		4C35E4B22AB1C83300D650C1 /* mvvmStudy */ = {
			isa = PBXGroup;
			children = (
				4C35E4C72AB1C85B00D650C1 /* lotto */,
				4C35E4B32AB1C83300D650C1 /* AppDelegate.swift */,
				4C35E4B52AB1C83300D650C1 /* SceneDelegate.swift */,
				4C35E4B72AB1C83300D650C1 /* ViewController.swift */,
				4C35E4B92AB1C83300D650C1 /* Main.storyboard */,
				4C35E4BC2AB1C83500D650C1 /* Assets.xcassets */,
				4C35E4BE2AB1C83500D650C1 /* LaunchScreen.storyboard */,
				4C35E4C12AB1C83500D650C1 /* Info.plist */,
				4C35E4CA2AB1C8D400D650C1 /* observer.swift */,
				4C35E4CE2AB1C9BA00D650C1 /* BaseViewController.swift */,
			);
			path = mvvmStudy;
			sourceTree = "<group>";
		};
		4C35E4C72AB1C85B00D650C1 /* lotto */ = {
			isa = PBXGroup;
			children = (
				4C35E4C82AB1C88000D650C1 /* LottoViewModel.swift */,
				4C35E4D02AB1CA5500D650C1 /* APIService.swift */,
				4C35E4D82AB1D77900D650C1 /* LottoViewController.swift */,
			);
			path = lotto;
			sourceTree = "<group>";
		};
/* End PBXGroup section */

/* Begin PBXNativeTarget section */
		4C35E4AF2AB1C83300D650C1 /* mvvmStudy */ = {
			isa = PBXNativeTarget;
			buildConfigurationList = 4C35E4C42AB1C83500D650C1 /* Build configuration list for PBXNativeTarget "mvvmStudy" */;
			buildPhases = (
				4C35E4AC2AB1C83300D650C1 /* Sources */,
				4C35E4AD2AB1C83300D650C1 /* Frameworks */,
				4C35E4AE2AB1C83300D650C1 /* Resources */,
			);
			buildRules = (
			);
			dependencies = (
			);
			name = mvvmStudy;
			packageProductDependencies = (
				4C35E4D32AB1CC7700D650C1 /* Alamofire */,
				4C35E4D62AB1CD2B00D650C1 /* SnapKit */,
			);
			productName = mvvmStudy;
			productReference = 4C35E4B02AB1C83300D650C1 /* mvvmStudy.app */;
			productType = "com.apple.product-type.application";
		};
/* End PBXNativeTarget section */

/* Begin PBXProject section */
		4C35E4A82AB1C83300D650C1 /* Project object */ = {
			isa = PBXProject;
			attributes = {
				BuildIndependentTargetsInParallel = 1;
				LastSwiftUpdateCheck = 1430;
				LastUpgradeCheck = 1430;
				TargetAttributes = {
					4C35E4AF2AB1C83300D650C1 = {
						CreatedOnToolsVersion = 14.3.1;
					};
				};
			};
			buildConfigurationList = 4C35E4AB2AB1C83300D650C1 /* Build configuration list for PBXProject "mvvmStudy" */;
			compatibilityVersion = "Xcode 14.0";
			developmentRegion = en;
			hasScannedForEncodings = 0;
			knownRegions = (
				en,
				Base,
			);
			mainGroup = 4C35E4A72AB1C83300D650C1;
			packageReferences = (
				4C35E4D22AB1CC7700D650C1 /* XCRemoteSwiftPackageReference "Alamofire" */,
				4C35E4D52AB1CD2B00D650C1 /* XCRemoteSwiftPackageReference "SnapKit" */,
			);
			productRefGroup = 4C35E4B12AB1C83300D650C1 /* Products */;
			projectDirPath = "";
			projectRoot = "";
			targets = (
				4C35E4AF2AB1C83300D650C1 /* mvvmStudy */,
			);
		};
/* End PBXProject section */

/* Begin PBXResourcesBuildPhase section */
		4C35E4AE2AB1C83300D650C1 /* Resources */ = {
			isa = PBXResourcesBuildPhase;
			buildActionMask = 2147483647;
			files = (
				4C35E4C02AB1C83500D650C1 /* LaunchScreen.storyboard in Resources */,
				4C35E4BD2AB1C83500D650C1 /* Assets.xcassets in Resources */,
				4C35E4BB2AB1C83300D650C1 /* Main.storyboard in Resources */,
			);
			runOnlyForDeploymentPostprocessing = 0;
		};
/* End PBXResourcesBuildPhase section */

/* Begin PBXSourcesBuildPhase section */
		4C35E4AC2AB1C83300D650C1 /* Sources */ = {
			isa = PBXSourcesBuildPhase;
			buildActionMask = 2147483647;
			files = (
				4C35E4B82AB1C83300D650C1 /* ViewController.swift in Sources */,
				4C35E4D12AB1CA5500D650C1 /* APIService.swift in Sources */,
				4C35E4CB2AB1C8D400D650C1 /* observer.swift in Sources */,
				4C35E4C92AB1C88000D650C1 /* LottoViewModel.swift in Sources */,
				4C35E4B42AB1C83300D650C1 /* AppDelegate.swift in Sources */,
				4C35E4D92AB1D77900D650C1 /* LottoViewController.swift in Sources */,
				4C35E4B62AB1C83300D650C1 /* SceneDelegate.swift in Sources */,
				4C35E4CF2AB1C9BA00D650C1 /* BaseViewController.swift in Sources */,
			);
			runOnlyForDeploymentPostprocessing = 0;
		};
/* End PBXSourcesBuildPhase section */

/* Begin PBXVariantGroup section */
		4C35E4B92AB1C83300D650C1 /* Main.storyboard */ = {
			isa = PBXVariantGroup;
			children = (
				4C35E4BA2AB1C83300D650C1 /* Base */,
			);
			name = Main.storyboard;
			sourceTree = "<group>";
		};
		4C35E4BE2AB1C83500D650C1 /* LaunchScreen.storyboard */ = {
			isa = PBXVariantGroup;
			children = (
				4C35E4BF2AB1C83500D650C1 /* Base */,
			);
			name = LaunchScreen.storyboard;
			sourceTree = "<group>";
		};
/* End PBXVariantGroup section */

/* Begin XCBuildConfiguration section */
		4C35E4C22AB1C83500D650C1 /* Debug */ = {
			isa = XCBuildConfiguration;
			buildSettings = {
				ALWAYS_SEARCH_USER_PATHS = NO;
				CLANG_ANALYZER_NONNULL = YES;
				CLANG_ANALYZER_NUMBER_OBJECT_CONVERSION = YES_AGGRESSIVE;
				CLANG_CXX_LANGUAGE_STANDARD = "gnu++20";
				CLANG_ENABLE_MODULES = YES;
				CLANG_ENABLE_OBJC_ARC = YES;
				CLANG_ENABLE_OBJC_WEAK = YES;
				CLANG_WARN_BLOCK_CAPTURE_AUTORELEASING = YES;
				CLANG_WARN_BOOL_CONVERSION = YES;
				CLANG_WARN_COMMA = YES;
				CLANG_WARN_CONSTANT_CONVERSION = YES;
				CLANG_WARN_DEPRECATED_OBJC_IMPLEMENTATIONS = YES;
				CLANG_WARN_DIRECT_OBJC_ISA_USAGE = YES_ERROR;
				CLANG_WARN_DOCUMENTATION_COMMENTS = YES;
				CLANG_WARN_EMPTY_BODY = YES;
				CLANG_WARN_ENUM_CONVERSION = YES;
				CLANG_WARN_INFINITE_RECURSION = YES;
				CLANG_WARN_INT_CONVERSION = YES;
				CLANG_WARN_NON_LITERAL_NULL_CONVERSION = YES;
				CLANG_WARN_OBJC_IMPLICIT_RETAIN_SELF = YES;
				CLANG_WARN_OBJC_LITERAL_CONVERSION = YES;
				CLANG_WARN_OBJC_ROOT_CLASS = YES_ERROR;
				CLANG_WARN_QUOTED_INCLUDE_IN_FRAMEWORK_HEADER = YES;
				CLANG_WARN_RANGE_LOOP_ANALYSIS = YES;
				CLANG_WARN_STRICT_PROTOTYPES = YES;
				CLANG_WARN_SUSPICIOUS_MOVE = YES;
				CLANG_WARN_UNGUARDED_AVAILABILITY = YES_AGGRESSIVE;
				CLANG_WARN_UNREACHABLE_CODE = YES;
				CLANG_WARN__DUPLICATE_METHOD_MATCH = YES;
				COPY_PHASE_STRIP = NO;
				DEBUG_INFORMATION_FORMAT = dwarf;
				ENABLE_STRICT_OBJC_MSGSEND = YES;
				ENABLE_TESTABILITY = YES;
				GCC_C_LANGUAGE_STANDARD = gnu11;
				GCC_DYNAMIC_NO_PIC = NO;
				GCC_NO_COMMON_BLOCKS = YES;
				GCC_OPTIMIZATION_LEVEL = 0;
				GCC_PREPROCESSOR_DEFINITIONS = (
					"DEBUG=1",
					"$(inherited)",
				);
				GCC_WARN_64_TO_32_BIT_CONVERSION = YES;
				GCC_WARN_ABOUT_RETURN_TYPE = YES_ERROR;
				GCC_WARN_UNDECLARED_SELECTOR = YES;
				GCC_WARN_UNINITIALIZED_AUTOS = YES_AGGRESSIVE;
				GCC_WARN_UNUSED_FUNCTION = YES;
				GCC_WARN_UNUSED_VARIABLE = YES;
				IPHONEOS_DEPLOYMENT_TARGET = 16.4;
				MTL_ENABLE_DEBUG_INFO = INCLUDE_SOURCE;
				MTL_FAST_MATH = YES;
				ONLY_ACTIVE_ARCH = YES;
				SDKROOT = iphoneos;
				SWIFT_ACTIVE_COMPILATION_CONDITIONS = DEBUG;
				SWIFT_OPTIMIZATION_LEVEL = "-Onone";
			};
			name = Debug;
		};
		4C35E4C32AB1C83500D650C1 /* Release */ = {
			isa = XCBuildConfiguration;
			buildSettings = {
				ALWAYS_SEARCH_USER_PATHS = NO;
				CLANG_ANALYZER_NONNULL = YES;
				CLANG_ANALYZER_NUMBER_OBJECT_CONVERSION = YES_AGGRESSIVE;
				CLANG_CXX_LANGUAGE_STANDARD = "gnu++20";
				CLANG_ENABLE_MODULES = YES;
				CLANG_ENABLE_OBJC_ARC = YES;
				CLANG_ENABLE_OBJC_WEAK = YES;
				CLANG_WARN_BLOCK_CAPTURE_AUTORELEASING = YES;
				CLANG_WARN_BOOL_CONVERSION = YES;
				CLANG_WARN_COMMA = YES;
				CLANG_WARN_CONSTANT_CONVERSION = YES;
				CLANG_WARN_DEPRECATED_OBJC_IMPLEMENTATIONS = YES;
				CLANG_WARN_DIRECT_OBJC_ISA_USAGE = YES_ERROR;
				CLANG_WARN_DOCUMENTATION_COMMENTS = YES;
				CLANG_WARN_EMPTY_BODY = YES;
				CLANG_WARN_ENUM_CONVERSION = YES;
				CLANG_WARN_INFINITE_RECURSION = YES;
				CLANG_WARN_INT_CONVERSION = YES;
				CLANG_WARN_NON_LITERAL_NULL_CONVERSION = YES;
				CLANG_WARN_OBJC_IMPLICIT_RETAIN_SELF = YES;
				CLANG_WARN_OBJC_LITERAL_CONVERSION = YES;
				CLANG_WARN_OBJC_ROOT_CLASS = YES_ERROR;
				CLANG_WARN_QUOTED_INCLUDE_IN_FRAMEWORK_HEADER = YES;
				CLANG_WARN_RANGE_LOOP_ANALYSIS = YES;
				CLANG_WARN_STRICT_PROTOTYPES = YES;
				CLANG_WARN_SUSPICIOUS_MOVE = YES;
				CLANG_WARN_UNGUARDED_AVAILABILITY = YES_AGGRESSIVE;
				CLANG_WARN_UNREACHABLE_CODE = YES;
				CLANG_WARN__DUPLICATE_METHOD_MATCH = YES;
				COPY_PHASE_STRIP = NO;
				DEBUG_INFORMATION_FORMAT = "dwarf-with-dsym";
				ENABLE_NS_ASSERTIONS = NO;
				ENABLE_STRICT_OBJC_MSGSEND = YES;
				GCC_C_LANGUAGE_STANDARD = gnu11;
				GCC_NO_COMMON_BLOCKS = YES;
				GCC_WARN_64_TO_32_BIT_CONVERSION = YES;
				GCC_WARN_ABOUT_RETURN_TYPE = YES_ERROR;
				GCC_WARN_UNDECLARED_SELECTOR = YES;
				GCC_WARN_UNINITIALIZED_AUTOS = YES_AGGRESSIVE;
				GCC_WARN_UNUSED_FUNCTION = YES;
				GCC_WARN_UNUSED_VARIABLE = YES;
				IPHONEOS_DEPLOYMENT_TARGET = 16.4;
				MTL_ENABLE_DEBUG_INFO = NO;
				MTL_FAST_MATH = YES;
				SDKROOT = iphoneos;
				SWIFT_COMPILATION_MODE = wholemodule;
				SWIFT_OPTIMIZATION_LEVEL = "-O";
				VALIDATE_PRODUCT = YES;
			};
			name = Release;
		};
		4C35E4C52AB1C83500D650C1 /* Debug */ = {
			isa = XCBuildConfiguration;
			buildSettings = {
				ASSETCATALOG_COMPILER_APPICON_NAME = AppIcon;
				ASSETCATALOG_COMPILER_GLOBAL_ACCENT_COLOR_NAME = AccentColor;
				CODE_SIGN_STYLE = Automatic;
				CURRENT_PROJECT_VERSION = 1;
				DEVELOPMENT_TEAM = 847TUT63WB;
				GENERATE_INFOPLIST_FILE = YES;
				INFOPLIST_FILE = mvvmStudy/Info.plist;
				INFOPLIST_KEY_UIApplicationSupportsIndirectInputEvents = YES;
				INFOPLIST_KEY_UILaunchStoryboardName = LaunchScreen;
				INFOPLIST_KEY_UIMainStoryboardFile = Main;
				INFOPLIST_KEY_UISupportedInterfaceOrientations_iPad = "UIInterfaceOrientationPortrait UIInterfaceOrientationPortraitUpsideDown UIInterfaceOrientationLandscapeLeft UIInterfaceOrientationLandscapeRight";
				INFOPLIST_KEY_UISupportedInterfaceOrientations_iPhone = "UIInterfaceOrientationPortrait UIInterfaceOrientationLandscapeLeft UIInterfaceOrientationLandscapeRight";
				LD_RUNPATH_SEARCH_PATHS = (
					"$(inherited)",
					"@executable_path/Frameworks",
				);
				MARKETING_VERSION = 1.0;
				PRODUCT_BUNDLE_IDENTIFIER = jae.214.mvvmStudy;
				PRODUCT_NAME = "$(TARGET_NAME)";
				SWIFT_EMIT_LOC_STRINGS = YES;
				SWIFT_VERSION = 5.0;
				TARGETED_DEVICE_FAMILY = "1,2";
			};
			name = Debug;
		};
		4C35E4C62AB1C83500D650C1 /* Release */ = {
			isa = XCBuildConfiguration;
			buildSettings = {
				ASSETCATALOG_COMPILER_APPICON_NAME = AppIcon;
				ASSETCATALOG_COMPILER_GLOBAL_ACCENT_COLOR_NAME = AccentColor;
				CODE_SIGN_STYLE = Automatic;
				CURRENT_PROJECT_VERSION = 1;
				DEVELOPMENT_TEAM = 847TUT63WB;
				GENERATE_INFOPLIST_FILE = YES;
				INFOPLIST_FILE = mvvmStudy/Info.plist;
				INFOPLIST_KEY_UIApplicationSupportsIndirectInputEvents = YES;
				INFOPLIST_KEY_UILaunchStoryboardName = LaunchScreen;
				INFOPLIST_KEY_UIMainStoryboardFile = Main;
				INFOPLIST_KEY_UISupportedInterfaceOrientations_iPad = "UIInterfaceOrientationPortrait UIInterfaceOrientationPortraitUpsideDown UIInterfaceOrientationLandscapeLeft UIInterfaceOrientationLandscapeRight";
				INFOPLIST_KEY_UISupportedInterfaceOrientations_iPhone = "UIInterfaceOrientationPortrait UIInterfaceOrientationLandscapeLeft UIInterfaceOrientationLandscapeRight";
				LD_RUNPATH_SEARCH_PATHS = (
					"$(inherited)",
					"@executable_path/Frameworks",
				);
				MARKETING_VERSION = 1.0;
				PRODUCT_BUNDLE_IDENTIFIER = jae.214.mvvmStudy;
				PRODUCT_NAME = "$(TARGET_NAME)";
				SWIFT_EMIT_LOC_STRINGS = YES;
				SWIFT_VERSION = 5.0;
				TARGETED_DEVICE_FAMILY = "1,2";
			};
			name = Release;
		};
/* End XCBuildConfiguration section */

/* Begin XCConfigurationList section */
		4C35E4AB2AB1C83300D650C1 /* Build configuration list for PBXProject "mvvmStudy" */ = {
			isa = XCConfigurationList;
			buildConfigurations = (
				4C35E4C22AB1C83500D650C1 /* Debug */,
				4C35E4C32AB1C83500D650C1 /* Release */,
			);
			defaultConfigurationIsVisible = 0;
			defaultConfigurationName = Release;
		};
		4C35E4C42AB1C83500D650C1 /* Build configuration list for PBXNativeTarget "mvvmStudy" */ = {
			isa = XCConfigurationList;
			buildConfigurations = (
				4C35E4C52AB1C83500D650C1 /* Debug */,
				4C35E4C62AB1C83500D650C1 /* Release */,
			);
			defaultConfigurationIsVisible = 0;
			defaultConfigurationName = Release;
		};
/* End XCConfigurationList section */

/* Begin XCRemoteSwiftPackageReference section */
		4C35E4D22AB1CC7700D650C1 /* XCRemoteSwiftPackageReference "Alamofire" */ = {
			isa = XCRemoteSwiftPackageReference;
			repositoryURL = "https://github.com/Alamofire/Alamofire.git";
			requirement = {
				kind = upToNextMajorVersion;
				minimumVersion = 5.0.0;
			};
		};
		4C35E4D52AB1CD2B00D650C1 /* XCRemoteSwiftPackageReference "SnapKit" */ = {
			isa = XCRemoteSwiftPackageReference;
			repositoryURL = "https://github.com/SnapKit/SnapKit.git";
			requirement = {
				kind = upToNextMajorVersion;
				minimumVersion = 5.0.0;
			};
		};
/* End XCRemoteSwiftPackageReference section */

/* Begin XCSwiftPackageProductDependency section */
		4C35E4D32AB1CC7700D650C1 /* Alamofire */ = {
			isa = XCSwiftPackageProductDependency;
			package = 4C35E4D22AB1CC7700D650C1 /* XCRemoteSwiftPackageReference "Alamofire" */;
			productName = Alamofire;
		};
		4C35E4D62AB1CD2B00D650C1 /* SnapKit */ = {
			isa = XCSwiftPackageProductDependency;
			package = 4C35E4D52AB1CD2B00D650C1 /* XCRemoteSwiftPackageReference "SnapKit" */;
			productName = SnapKit;
		};
/* End XCSwiftPackageProductDependency section */
	};
	rootObject = 4C35E4A82AB1C83300D650C1 /* Project object */;
}
